
Microsoft Visual Studio Solution File, Format Version 12.00
# Visual Studio 2013
VisualStudioVersion = 12.0.21005.1
MinimumVisualStudioVersion = 10.0.40219.1
Project("{FAE04EC0-301F-11D3-BF4B-00C04F79EFBC}") = "Employee", "Employee\Employee.csproj", "{A2A4425A-07D7-4255-BC96-452F6E65DBEE}"
EndProject
Project("{FAE04EC0-301F-11D3-BF4B-00C04F79EFBC}") = "Employee.Tests", "Employee.Tests\Employee.Tests.csproj", "{0CAED0BE-C46D-4534-87EF-C419D7696AF7}"
EndProject
Project("{2150E333-8FDC-42A3-9474-1A3956D46DE8}") = ".nuget", ".nuget", "{5711D236-A244-4F00-9D6D-6BC9D633679F}"
	ProjectSection(SolutionItems) = preProject
		.nuget\NuGet.Config = .nuget\NuGet.Config
		.nuget\NuGet.exe = .nuget\NuGet.exe
		.nuget\NuGet.targets = .nuget\NuGet.targets
	EndProjectSection
EndProject
Global
	GlobalSection(SolutionConfigurationPlatforms) = preSolution
		Debug|Any CPU = Debug|Any CPU
		Release|Any CPU = Release|Any CPU
	EndGlobalSection
	GlobalSection(ProjectConfigurationPlatforms) = postSolution
		{A2A4425A-07D7-4255-BC96-452F6E65DBEE}.Debug|Any CPU.ActiveCfg = Debug|Any CPU
		{A2A4425A-07D7-4255-BC96-452F6E65DBEE}.Debug|Any CPU.Build.0 = Debug|Any CPU
		{A2A4425A-07D7-4255-BC96-452F6E65DBEE}.Release|Any CPU.ActiveCfg = Release|Any CPU
		{A2A4425A-07D7-4255-BC96-452F6E65DBEE}.Release|Any CPU.Build.0 = Release|Any CPU
		{0CAED0BE-C46D-4534-87EF-C419D7696AF7}.Debug|Any CPU.ActiveCfg = Debug|Any CPU
		{0CAED0BE-C46D-4534-87EF-C419D7696AF7}.Debug|Any CPU.Build.0 = Debug|Any CPU
		{0CAED0BE-C46D-4534-87EF-C419D7696AF7}.Release|Any CPU.ActiveCfg = Release|Any CPU
		{0CAED0BE-C46D-4534-87EF-C419D7696AF7}.Release|Any CPU.Build.0 = Release|Any CPU
	EndGlobalSection
	GlobalSection(SolutionProperties) = preSolution
		HideSolutionNode = FALSE
	EndGlobalSection
EndGlobal
